{
  "name": "workspace",
  "lockfileVersion": 3,
  "requires": true,
  "packages": {
    "": {
      "devDependencies": {
        "pkg": "^5.8.1"
      }
    },
    "node_modules/@babel/generator": {
      "version": "7.18.2",
      "resolved": "https://registry.npmjs.org/@babel/generator/-/generator-7.18.2.tgz",
      "integrity": "sha512-W1lG5vUwFvfMd8HVXqdfbuG7RuaSrTCCD8cl8fP8wOivdbtbIg2Db3IWUcgvfxKbbn6ZBGYRW/Zk1MIwK49mgw==",
      "dev": true,
      "license": "MIT",
      "dependencies": {
        "@babel/types": "^7.18.2",
        "@jridgewell/gen-mapping": "^0.3.0",
        "jsesc": "^2.5.1"
      },
      "engines": {
        "node": ">=6.9.0"
      }
    },
    "node_modules/@babel/generator/node_modules/@babel/types": {
      "version": "7.29.0",
        
